// !$*UTF8*$!
{
	archiveVersion = 1;
	classes = {
	};
	objectVersion = 50;
	objects = {

/* Begin PBXBuildFile section */
		D8554F7D2429EBA000704B50 /* NetworkManager.swift in Sources */ = {isa = PBXBuildFile; fileRef = D8554F7C2429EBA000704B50 /* NetworkManager.swift */; };
		D8554F7F2429ED5000704B50 /* PostData.swift in Sources */ = {isa = PBXBuildFile; fileRef = D8554F7E2429ED5000704B50 /* PostData.swift */; };
		D8554F822429FA0A00704B50 /* DetailView.swift in Sources */ = {isa = PBXBuildFile; fileRef = D8554F812429FA0A00704B50 /* DetailView.swift */; };
		D8794451242A031700DD5538 /* WebView.swift in Sources */ = {isa = PBXBuildFile; fileRef = D8794450242A031700DD5538 /* WebView.swift */; };
		D8FC04EE24287E39002EA03E /* AppDelegate.swift in Sources */ = {isa = PBXBuildFile; fileRef = D8FC04ED24287E39002EA03E /* AppDelegate.swift */; };
		D8FC04F024287E39002EA03E /* SceneDelegate.swift in Sources */ = {isa = PBXBuildFile; fileRef = D8FC04EF24287E39002EA03E /* SceneDelegate.swift */; };
		D8FC04F224287E39002EA03E /* ContentView.swift in Sources */ = {isa = PBXBuildFile; fileRef = D8FC04F124287E39002EA03E /* ContentView.swift */; };
		D8FC04F424287E3A002EA03E /* Assets.xcassets in Resources */ = {isa = PBXBuildFile; fileRef = D8FC04F324287E3A002EA03E /* Assets.xcassets */; };
		D8FC04F724287E3A002EA03E /* Preview Assets.xcassets in Resources */ = {isa = PBXBuildFile; fileRef = D8FC04F624287E3A002EA03E /* Preview Assets.xcassets */; };
		D8FC04FA24287E3A002EA03E /* LaunchScreen.storyboard in Resources */ = {isa = PBXBuildFile; fileRef = D8FC04F824287E3A002EA03E /* LaunchScreen.storyboard */; };
/* End PBXBuildFile section */

/* Begin PBXFileReference section */
		D806FD39242B497700F87BBD /* H4X0R News.entitlements */ = {isa = PBXFileReference; lastKnownFileType = text.plist.entitlements; path = "H4X0R News.entitlements"; sourceTree = "<group>"; };
		D8554F7C2429EBA000704B50 /* NetworkManager.swift */ = {isa = PBXFileReference; lastKnownFileType = sourcecode.swift; path = NetworkManager.swift; sourceTree = "<group>"; };
		D8554F7E2429ED5000704B50 /* PostData.swift */ = {isa = PBXFileReference; lastKnownFileType = sourcecode.swift; path = PostData.swift; sourceTree = "<group>"; };
		D8554F812429FA0A00704B50 /* DetailView.swift */ = {isa = PBXFileReference; lastKnownFileType = sourcecode.swift; path = DetailView.swift; sourceTree = "<group>"; };
		D8794450242A031700DD5538 /* WebView.swift */ = {isa = PBXFileReference; lastKnownFileType = sourcecode.swift; path = WebView.swift; sourceTree = "<group>"; };
		D8FC04EA24287E39002EA03E /* H4X0R News.app */ = {isa = PBXFileReference; explicitFileType = wrapper.application; includeInIndex = 0; path = "H4X0R News.app"; sourceTree = BUILT_PRODUCTS_DIR; };
		D8FC04ED24287E39002EA03E /* AppDelegate.swift */ = {isa = PBXFileReference; lastKnownFileType = sourcecode.swift; path = AppDelegate.swift; sourceTree = "<group>"; };
		D8FC04EF24287E39002EA03E /* SceneDelegate.swift */ = {isa = PBXFileReference; lastKnownFileType = sourcecode.swift; path = SceneDelegate.swift; sourceTree = "<group>"; };
		D8FC04F124287E39002EA03E /* ContentView.swift */ = {isa = PBXFileReference; lastKnownFileType = sourcecode.swift; path = ContentView.swift; sourceTree = "<group>"; };
		D8FC04F324287E3A002EA03E /* Assets.xcassets */ = {isa = PBXFileReference; lastKnownFileType = folder.assetcatalog; path = Assets.xcassets; sourceTree = "<group>"; };
		D8FC04F624287E3A002EA03E /* Preview Assets.xcassets */ = {isa = PBXFileReference; lastKnownFileType = folder.assetcatalog; path = "Preview Assets.xcassets"; sourceTree = "<group>"; };
		D8FC04F924287E3A002EA03E /* Base */ = {isa = PBXFileReference; lastKnownFileType = file.storyboard; name = Base; path = Base.lproj/LaunchScreen.storyboard; sourceTree = "<group>"; };
		D8FC04FB24287E3A002EA03E /* Info.plist */ = {isa = PBXFileReference; lastKnownFileType = text.plist.xml; path = Info.plist; sourceTree = "<group>"; };
/* End PBXFileReference section */

/* Begin PBXFrameworksBuildPhase section */
		D8FC04E724287E39002EA03E /* Frameworks */ = {
			isa = PBXFrameworksBuildPhase;
			buildActionMask = 2147483647;
			files = (
			);
			runOnlyForDeploymentPostprocessing = 0;
		};
/* End PBXFrameworksBuildPhase section */

/* Begin PBXGroup section */
		D8554F7B2429EB8500704B50 /* Models */ = {
			isa = PBXGroup;
			children = (
				D8554F7C2429EBA000704B50 /* NetworkManager.swift */,
				D8554F7E2429ED5000704B50 /* PostData.swift */,
			);
			path = Models;
			sourceTree = "<group>";
		};
		D8554F802429F9DF00704B50 /* Views */ = {
			isa = PBXGroup;
			children = (
				D8FC04F124287E39002EA03E /* ContentView.swift */,
				D8554F812429FA0A00704B50 /* DetailView.swift */,
				D8794450242A031700DD5538 /* WebView.swift */,
			);
			path = Views;
			sourceTree = "<group>";
		};
		D8FC04E124287E39002EA03E = {
			isa = PBXGroup;
			children = (
				D8FC04EC24287E39002EA03E /* H4X0R News */,
				D8FC04EB24287E39002EA03E /* Products */,
			);
			sourceTree = "<group>";
		};
		D8FC04EB24287E39002EA03E /* Products */ = {
			isa = PBXGroup;
			children = (
				D8FC04EA24287E39002EA03E /* H4X0R News.app */,
			);
			name = Products;
			sourceTree = "<group>";
		};
		D8FC04EC24287E39002EA03E /* H4X0R News */ = {
			isa = PBXGroup;
			children = (
				D8FC04ED24287E39002EA03E /* AppDelegate.swift */,
				D8FC04EF24287E39002EA03E /* SceneDelegate.swift */,
				D8554F802429F9DF00704B50 /* Views */,
				D8554F7B2429EB8500704B50 /* Models */,
				D8FC04F324287E3A002EA03E /* Assets.xcassets */,
				D8FC04F824287E3A002EA03E /* LaunchScreen.storyboard */,
				D8FC04FB24287E3A002EA03E /* Info.plist */,
				D806FD39242B497700F87BBD /* H4X0R News.entitlements */,
				D8FC04F524287E3A002EA03E /* Preview Content */,
			);
			path = "H4X0R News";
			sourceTree = "<group>";
		};
		D8FC04F524287E3A002EA03E /* Preview Content */ = {
			isa = PBXGroup;
			children = (
				D8FC04F624287E3A002EA03E /* Preview Assets.xcassets */,
			);
			path = "Preview Content";
			sourceTree = "<group>";
		};
/* End PBXGroup section */

/* Begin PBXNativeTarget section */
		D8FC04E924287E39002EA03E /* H4X0R News */ = {
			isa = PBXNativeTarget;
			buildConfigurationList = D8FC04FE24287E3A002EA03E /* Build configuration list for PBXNativeTarget "H4X0R News" */;
			buildPhases = (
				D8FC04E624287E39002EA03E /* Sources */,
				D8FC04E724287E39002EA03E /* Frameworks */,
				D8FC04E824287E39002EA03E /* Resources */,
			);
			buildRules = (
			);
			dependencies = (
			);
			name = "H4X0R News";
			productName = "H4X0R News";
			productReference = D8FC04EA24287E39002EA03E /* H4X0R News.app */;
			productType = "com.apple.product-type.application";
		};
/* End PBXNativeTarget section */

/* Begin PBXProject section */
		D8FC04E224287E39002EA03E /* Project object */ = {
			isa = PBXProject;
			attributes = {
				LastSwiftUpdateCheck = 1120;
				LastUpgradeCheck = 1120;
				ORGANIZATIONNAME = "Giuseppe Gioi";
				TargetAttributes = {
					D8FC04E924287E39002EA03E = {
						CreatedOnToolsVersion = 11.2.1;
					};
				};
			};
			buildConfigurationList = D8FC04E524287E39002EA03E /* Build configuration list for PBXProject "H4X0R News" */;
			compatibilityVersion = "Xcode 9.3";
			developmentRegion = en;
			hasScannedForEncodings = 0;
			knownRegions = (
				en,
				Base,
			);
			mainGroup = D8FC04E124287E39002EA03E;
			productRefGroup = D8FC04EB24287E39002EA03E /* Products */;
			projectDirPath = "";
			projectRoot = "";
			targets = (
				D8FC04E924287E39002EA03E /* H4X0R News */,
			);
		};
/* End PBXProject section */

/* Begin PBXResourcesBuildPhase section */
		D8FC04E824287E39002EA03E /* Resources */ = {
			isa = PBXResourcesBuildPhase;
			buildActionMask = 2147483647;
			files = (
				D8FC04FA24287E3A002EA03E /* LaunchScreen.storyboard in Resources */,
				D8FC04F724287E3A002EA03E /* Preview Assets.xcassets in Resources */,
				D8FC04F424287E3A002EA03E /* Assets.xcassets in Resources */,
			);
			runOnlyForDeploymentPostprocessing = 0;
		};
/* End PBXResourcesBuildPhase section */

/* Begin PBXSourcesBuildPhase section */
		D8FC04E624287E39002EA03E /* Sources */ = {
			isa = PBXSourcesBuildPhase;
			buildActionMask = 2147483647;
			files = (
				D8554F7F2429ED5000704B50 /* PostData.swift in Sources */,
				D8554F822429FA0A00704B50 /* DetailView.swift in Sources */,
				D8554F7D2429EBA000704B50 /* NetworkManager.swift in Sources */,
				D8FC04EE24287E39002EA03E /* AppDelegate.swift in Sources */,
				D8FC04F024287E39002EA03E /* SceneDelegate.swift in Sources */,
				D8FC04F224287E39002EA03E /* ContentView.swift in Sources */,
				D8794451242A031700DD5538 /* WebView.swift in Sources */,
			);
			runOnlyForDeploymentPostprocessing = 0;
		};
/* End PBXSourcesBuildPhase section */

/* Begin PBXVariantGroup section */
		D8FC04F824287E3A002EA03E /* LaunchScreen.storyboard */ = {
			isa = PBXVariantGroup;
			children = (
				D8FC04F924287E3A002EA03E /* Base */,
			);
			name = LaunchScreen.storyboard;
			sourceTree = "<group>";
		};
/* End PBXVariantGroup section */

/* Begin XCBuildConfiguration section */
		D8FC04FC24287E3A002EA03E /* Debug */ = {
			isa = XCBuildConfiguration;
			buildSettings = {
				ALWAYS_SEARCH_USER_PATHS = NO;
				CLANG_ANALYZER_NONNULL = YES;
				CLANG_ANALYZER_NUMBER_OBJECT_CONVERSION = YES_AGGRESSIVE;
				CLANG_CXX_LANGUAGE_STANDARD = "gnu++14";
				CLANG_CXX_LIBRARY = "libc++";
				CLANG_ENABLE_MODULES = YES;
				CLANG_ENABLE_OBJC_ARC = YES;
				CLANG_ENABLE_OBJC_WEAK = YES;
				CLANG_WARN_BLOCK_CAPTURE_AUTORELEASING = YES;
				CLANG_WARN_BOOL_CONVERSION = YES;
				CLANG_WARN_COMMA = YES;
				CLANG_WARN_CONSTANT_CONVERSION = YES;
				CLANG_WARN_DEPRECATED_OBJC_IMPLEMENTATIONS = YES;
				CLANG_WARN_DIRECT_OBJC_ISA_USAGE = YES_ERROR;
				CLANG_WARN_DOCUMENTATION_COMMENTS = YES;
				CLANG_WARN_EMPTY_BODY = YES;
				CLANG_WARN_ENUM_CONVERSION = YES;
				CLANG_WARN_INFINITE_RECURSION = YES;
				CLANG_WARN_INT_CONVERSION = YES;
				CLANG_WARN_NON_LITERAL_NULL_CONVERSION = YES;
				CLANG_WARN_OBJC_IMPLICIT_RETAIN_SELF = YES;
				CLANG_WARN_OBJC_LITERAL_CONVERSION = YES;
				CLANG_WARN_OBJC_ROOT_CLASS = YES_ERROR;
				CLANG_WARN_RANGE_LOOP_ANALYSIS = YES;
				CLANG_WARN_STRICT_PROTOTYPES = YES;
				CLANG_WARN_SUSPICIOUS_MOVE = YES;
				CLANG_WARN_UNGUARDED_AVAILABILITY = YES_AGGRESSIVE;
				CLANG_WARN_UNREACHABLE_CODE = YES;
				CLANG_WARN__DUPLICATE_METHOD_MATCH = YES;
				COPY_PHASE_STRIP = NO;
				DEBUG_INFORMATION_FORMAT = dwarf;
				ENABLE_STRICT_OBJC_MSGSEND = YES;
				ENABLE_TESTABILITY = YES;
				GCC_C_LANGUAGE_STANDARD = gnu11;
				GCC_DYNAMIC_NO_PIC = NO;
				GCC_NO_COMMON_BLOCKS = YES;
				GCC_OPTIMIZATION_LEVEL = 0;
				GCC_PREPROCESSOR_DEFINITIONS = (
					"DEBUG=1",
					"$(inherited)",
				);
				GCC_WARN_64_TO_32_BIT_CONVERSION = YES;
				GCC_WARN_ABOUT_RETURN_TYPE = YES_ERROR;
				GCC_WARN_UNDECLARED_SELECTOR = YES;
				GCC_WARN_UNINITIALIZED_AUTOS = YES_AGGRESSIVE;
				GCC_WARN_UNUSED_FUNCTION = YES;
				GCC_WARN_UNUSED_VARIABLE = YES;
				IPHONEOS_DEPLOYMENT_TARGET = 13.2;
				MTL_ENABLE_DEBUG_INFO = INCLUDE_SOURCE;
				MTL_FAST_MATH = YES;
				ONLY_ACTIVE_ARCH = YES;
				SDKROOT = iphoneos;
				SWIFT_ACTIVE_COMPILATION_CONDITIONS = DEBUG;
				SWIFT_OPTIMIZATION_LEVEL = "-Onone";
			};
			name = Debug;
		};
		D8FC04FD24287E3A002EA03E /* Release */ = {
			isa = XCBuildConfiguration;
			buildSettings = {
				ALWAYS_SEARCH_USER_PATHS = NO;
				CLANG_ANALYZER_NONNULL = YES;
				CLANG_ANALYZER_NUMBER_OBJECT_CONVERSION = YES_AGGRESSIVE;
				CLANG_CXX_LANGUAGE_STANDARD = "gnu++14";
				CLANG_CXX_LIBRARY = "libc++";
				CLANG_ENABLE_MODULES = YES;
				CLANG_ENABLE_OBJC_ARC = YES;
				CLANG_ENABLE_OBJC_WEAK = YES;
				CLANG_WARN_BLOCK_CAPTURE_AUTORELEASING = YES;
				CLANG_WARN_BOOL_CONVERSION = YES;
				CLANG_WARN_COMMA = YES;
				CLANG_WARN_CONSTANT_CONVERSION = YES;
				CLANG_WARN_DEPRECATED_OBJC_IMPLEMENTATIONS = YES;
				CLANG_WARN_DIRECT_OBJC_ISA_USAGE = YES_ERROR;
				CLANG_WARN_DOCUMENTATION_COMMENTS = YES;
				CLANG_WARN_EMPTY_BODY = YES;
				CLANG_WARN_ENUM_CONVERSION = YES;
				CLANG_WARN_INFINITE_RECURSION = YES;
				CLANG_WARN_INT_CONVERSION = YES;
				CLANG_WARN_NON_LITERAL_NULL_CONVERSION = YES;
				CLANG_WARN_OBJC_IMPLICIT_RETAIN_SELF = YES;
				CLANG_WARN_OBJC_LITERAL_CONVERSION = YES;
				CLANG_WARN_OBJC_ROOT_CLASS = YES_ERROR;
				CLANG_WARN_RANGE_LOOP_ANALYSIS = YES;
				CLANG_WARN_STRICT_PROTOTYPES = YES;
				CLANG_WARN_SUSPICIOUS_MOVE = YES;
				CLANG_WARN_UNGUARDED_AVAILABILITY = YES_AGGRESSIVE;
				CLANG_WARN_UNREACHABLE_CODE = YES;
				CLANG_WARN__DUPLICATE_METHOD_MATCH = YES;
				COPY_PHASE_STRIP = NO;
				DEBUG_INFORMATION_FORMAT = "dwarf-with-dsym";
				ENABLE_NS_ASSERTIONS = NO;
				ENABLE_STRICT_OBJC_MSGSEND = YES;
				GCC_C_LANGUAGE_STANDARD = gnu11;
				GCC_NO_COMMON_BLOCKS = YES;
				GCC_WARN_64_TO_32_BIT_CONVERSION = YES;
				GCC_WARN_ABOUT_RETURN_TYPE = YES_ERROR;
				GCC_WARN_UNDECLARED_SELECTOR = YES;
				GCC_WARN_UNINITIALIZED_AUTOS = YES_AGGRESSIVE;
				GCC_WARN_UNUSED_FUNCTION = YES;
				GCC_WARN_UNUSED_VARIABLE = YES;
				IPHONEOS_DEPLOYMENT_TARGET = 13.2;
				MTL_ENABLE_DEBUG_INFO = NO;
				MTL_FAST_MATH = YES;
				SDKROOT = iphoneos;
				SWIFT_COMPILATION_MODE = wholemodule;
				SWIFT_OPTIMIZATION_LEVEL = "-O";
				VALIDATE_PRODUCT = YES;
			};
			name = Release;
		};
		D8FC04FF24287E3A002EA03E /* Debug */ = {
			isa = XCBuildConfiguration;
			buildSettings = {
				ASSETCATALOG_COMPILER_APPICON_NAME = AppIcon;
				CODE_SIGN_ENTITLEMENTS = "H4X0R News/H4X0R News.entitlements";
				CODE_SIGN_STYLE = Automatic;
				DERIVE_MACCATALYST_PRODUCT_BUNDLE_IDENTIFIER = YES;
				DEVELOPMENT_ASSET_PATHS = "\"H4X0R News/Preview Content\"";
				DEVELOPMENT_TEAM = MVW882XL45;
				ENABLE_PREVIEWS = YES;
				INFOPLIST_FILE = "H4X0R News/Info.plist";
				LD_RUNPATH_SEARCH_PATHS = (
					"$(inherited)",
					"@executable_path/Frameworks",
				);
				PRODUCT_BUNDLE_IDENTIFIER = "com.giuseppegioi.H4X0R-News";
				PRODUCT_NAME = "$(TARGET_NAME)";
				SUPPORTS_MACCATALYST = YES;
				SWIFT_VERSION = 5.0;
				TARGETED_DEVICE_FAMILY = "1,2";
			};
			name = Debug;
		};
		D8FC050024287E3A002EA03E /* Release */ = {
			isa = XCBuildConfiguration;
			buildSettings = {
				ASSETCATALOG_COMPILER_APPICON_NAME = AppIcon;
				CODE_SIGN_ENTITLEMENTS = "H4X0R News/H4X0R News.entitlements";
				CODE_SIGN_STYLE = Automatic;
				DERIVE_MACCATALYST_PRODUCT_BUNDLE_IDENTIFIER = YES;
				DEVELOPMENT_ASSET_PATHS = "\"H4X0R News/Preview Content\"";
				DEVELOPMENT_TEAM = MVW882XL45;
				ENABLE_PREVIEWS = YES;
				INFOPLIST_FILE = "H4X0R News/Info.plist";
				LD_RUNPATH_SEARCH_PATHS = (
					"$(inherited)",
					"@executable_path/Frameworks",
				);
				PRODUCT_BUNDLE_IDENTIFIER = "com.giuseppegioi.H4X0R-News";
				PRODUCT_NAME = "$(TARGET_NAME)";
				SUPPORTS_MACCATALYST = YES;
				SWIFT_VERSION = 5.0;
				TARGETED_DEVICE_FAMILY = "1,2";
			};
			name = Release;
		};
/* End XCBuildConfiguration section */

/* Begin XCConfigurationList section */
		D8FC04E524287E39002EA03E /* Build configuration list for PBXProject "H4X0R News" */ = {
			isa = XCConfigurationList;
			buildConfigurations = (
				D8FC04FC24287E3A002EA03E /* Debug */,
				D8FC04FD24287E3A002EA03E /* Release */,
			);
			defaultConfigurationIsVisible = 0;
			defaultConfigurationName = Release;
		};
		D8FC04FE24287E3A002EA03E /* Build configuration list for PBXNativeTarget "H4X0R News" */ = {
			isa = XCConfigurationList;
			buildConfigurations = (
				D8FC04FF24287E3A002EA03E /* Debug */,
				D8FC050024287E3A002EA03E /* Release */,
			);
			defaultConfigurationIsVisible = 0;
			defaultConfigurationName = Release;
		};
/* End XCConfigurationList section */
	};
	rootObject = D8FC04E224287E39002EA03E /* Project object */;
}
